{
  "_comment": "Written by scripts/run.py. The commits bug_db/corpus.md reports on, in full, so `scripts/run.py --pinned` can fetch exactly them. Edited by a run, not by hand.",
  "cvc5": {
    "ref": "main",
    "commit": "dbf176dfb71b272ffbfdee06888dace73fee5aa8",
    "date": "2026-09-19"
  },
  "ethos": {
    "ref": "main",
    "commit": "04a9b4d41508fb0282567c5ad47b35f67afd48f7",
    "date": "2026-09-19"
  },
  "logos": {
    "ref": "main",
    "commit": "c8165b2afd321ce8d4b168c270b1fb53388e16da",
    "date": "2026-09-18"
  },
  "eudaimonia": {
    "ref": "main",
    "commit": "b465b9d954bb021992ff4ac6c28c9d72975f9894",
    "date": "2026-09-19"
  }
}
