# Koine's append, closure launcher, history windows and preservation check.
# Move the pin only to a commit whose upstream CI is green.
# e4e4e2: verified against remote main on 2026-09-19; both jobs passed:
# https://github.com/ajreynol/koine/actions/runs/35463151942
# https://github.com/ajreynol/koine/actions/runs/35463152432
e4e4e2e760197429ff182826ed9b7a90fea11633
