{
  "_comment": "Written by tools/run.py. The commits docs/reports/corpus.md reports on, in full, so `tools/run.py --pinned` can fetch exactly them. Edited by a run, not by hand.",
  "cvc5": {
    "ref": "main",
    "commit": "5cf62594dd4013e2bacfe5dd93e0d4c357415417",
    "date": "2026-09-01"
  },
  "ethos": {
    "ref": "ethosEoc3",
    "commit": "fe74fe40e7f1508454101b88df3bfde1205d51fa",
    "date": "2026-09-01"
  },
  "logos": {
    "ref": "main",
    "commit": "7ff136bb6174f28a66bf3fd940573cc407e96ca9",
    "date": "2026-09-01"
  },
  "eudaimonia": {
    "ref": "main",
    "commit": "07cd88534e9830abc957047b0f6910b64afd2e0f",
    "date": "2026-09-01"
  }
}
