{
  "_comment": "Written by tools/run.py. The commits docs/reports/corpus.md reports on, in full, so `tools/run.py --pinned` can fetch exactly them. Edited by a run, not by hand.",
  "cvc5": {
    "ref": "main",
    "commit": "aee874240419269019507d47d687f01d871587f5",
    "date": "2026-08-29"
  },
  "ethos": {
    "ref": "ethosEoc3",
    "commit": "7f4482b7f0656c9dc5cc828820c755c73b2d4bbc",
    "date": "2026-08-31"
  },
  "logos": {
    "ref": "main",
    "commit": "6cb59db508dcdd4ea00d359aa44ae7e787717a6b",
    "date": "2026-08-31"
  },
  "eudaimonia": {
    "ref": "main",
    "commit": "a93fbec2f6d8125f6ce42b97c3f8f80eb18ad6cb",
    "date": "2026-08-31"
  }
}
